
Microsoft Visual Studio Solution File, Format Version 12.00
# Visual Studio Version 16
VisualStudioVersion = 16.0.31515.178
MinimumVisualStudioVersion = 10.0.40219.1
Project("{FAE04EC0-301F-11D3-BF4B-00C04F79EFBC}") = "Tokoku_Build", "Tokoku_Build\Tokoku_Build.csproj", "{BD25DB80-2D0D-40C8-B905-FE4A587124DE}"
EndProject
Global
	GlobalSection(SolutionConfigurationPlatforms) = preSolution
		Debug|Any CPU = Debug|Any CPU
		Release|Any CPU = Release|Any CPU
	EndGlobalSection
	GlobalSection(ProjectConfigurationPlatforms) = postSolution
		{BD25DB80-2D0D-40C8-B905-FE4A587124DE}.Debug|Any CPU.ActiveCfg = Debug|Any CPU
		{BD25DB80-2D0D-40C8-B905-FE4A587124DE}.Debug|Any CPU.Build.0 = Debug|Any CPU
		{BD25DB80-2D0D-40C8-B905-FE4A587124DE}.Release|Any CPU.ActiveCfg = Release|Any CPU
		{BD25DB80-2D0D-40C8-B905-FE4A587124DE}.Release|Any CPU.Build.0 = Release|Any CPU
	EndGlobalSection
	GlobalSection(SolutionProperties) = preSolution
		HideSolutionNode = FALSE
	EndGlobalSection
	GlobalSection(ExtensibilityGlobals) = postSolution
		SolutionGuid = {A28FD127-E7D8-4D1D-84DD-E5AB3544B9DB}
	EndGlobalSection
EndGlobal
